
Microsoft Visual Studio Solution File, Format Version 12.00
# Visual Studio Version 17
VisualStudioVersion = 17.13.35825.156 d17.13
MinimumVisualStudioVersion = 10.0.40219.1
Project("{FAE04EC0-301F-11D3-BF4B-00C04F79EFBC}") = "LibraryApp", "LibraryApp\LibraryApp.csproj", "{CBC42FD0-E55C-47E6-B189-48BEF2BA52FD}"
EndProject
Global
	GlobalSection(SolutionConfigurationPlatforms) = preSolution
		Debug|Any CPU = Debug|Any CPU
		Release|Any CPU = Release|Any CPU
	EndGlobalSection
	GlobalSection(ProjectConfigurationPlatforms) = postSolution
		{CBC42FD0-E55C-47E6-B189-48BEF2BA52FD}.Debug|Any CPU.ActiveCfg = Debug|Any CPU
		{CBC42FD0-E55C-47E6-B189-48BEF2BA52FD}.Debug|Any CPU.Build.0 = Debug|Any CPU
		{CBC42FD0-E55C-47E6-B189-48BEF2BA52FD}.Release|Any CPU.ActiveCfg = Release|Any CPU
		{CBC42FD0-E55C-47E6-B189-48BEF2BA52FD}.Release|Any CPU.Build.0 = Release|Any CPU
	EndGlobalSection
	GlobalSection(SolutionProperties) = preSolution
		HideSolutionNode = FALSE
	EndGlobalSection
	GlobalSection(ExtensibilityGlobals) = postSolution
		SolutionGuid = {FE858623-1D6B-41BC-948C-BF0BFEF2A3A6}
	EndGlobalSection
EndGlobal
